
Microsoft Visual Studio Solution File, Format Version 10.00
# Visual Studio 2008
Project("{FAE04EC0-301F-11D3-BF4B-00C04F79EFBC}") = "Genetic Algorithms", "Genetic Algorithms\Genetic Algorithms.csproj", "{6E92618B-EE42-4427-8924-F5FA675B1735}"
EndProject
Project("{FAE04EC0-301F-11D3-BF4B-00C04F79EFBC}") = "Genetic Algorithms Test", "Genetic Algorithms Test\Genetic Algorithms Test.csproj", "{1E5B7DF8-7895-4284-86FE-ACAD38FC5C98}"
EndProject
Global
	GlobalSection(SolutionConfigurationPlatforms) = preSolution
		Debug|Any CPU = Debug|Any CPU
		Release|Any CPU = Release|Any CPU
	EndGlobalSection
	GlobalSection(ProjectConfigurationPlatforms) = postSolution
		{6E92618B-EE42-4427-8924-F5FA675B1735}.Debug|Any CPU.ActiveCfg = Debug|Any CPU
		{6E92618B-EE42-4427-8924-F5FA675B1735}.Debug|Any CPU.Build.0 = Debug|Any CPU
		{6E92618B-EE42-4427-8924-F5FA675B1735}.Release|Any CPU.ActiveCfg = Release|Any CPU
		{6E92618B-EE42-4427-8924-F5FA675B1735}.Release|Any CPU.Build.0 = Release|Any CPU
		{1E5B7DF8-7895-4284-86FE-ACAD38FC5C98}.Debug|Any CPU.ActiveCfg = Debug|Any CPU
		{1E5B7DF8-7895-4284-86FE-ACAD38FC5C98}.Debug|Any CPU.Build.0 = Debug|Any CPU
		{1E5B7DF8-7895-4284-86FE-ACAD38FC5C98}.Release|Any CPU.ActiveCfg = Release|Any CPU
		{1E5B7DF8-7895-4284-86FE-ACAD38FC5C98}.Release|Any CPU.Build.0 = Release|Any CPU
	EndGlobalSection
	GlobalSection(SolutionProperties) = preSolution
		HideSolutionNode = FALSE
	EndGlobalSection
EndGlobal
